
Microsoft Visual Studio Solution File, Format Version 12.00
# Visual Studio Version 16
VisualStudioVersion = 16.0.30114.105
MinimumVisualStudioVersion = 10.0.40219.1
Project("{9A19103F-16F7-4668-BE54-9A1E7A4F7556}") = "OOPRecords.Server", "OOPRecords.Server\OOPRecords.Server.csproj", "{BE538757-23FF-4D84-8B94-8C68B13F6CAE}"
EndProject
Project("{9A19103F-16F7-4668-BE54-9A1E7A4F7556}") = "ModelCS", "ModelCS\ModelCS.csproj", "{662CFCF4-3EBD-435B-A0C2-17052224FDC2}"
EndProject
Project("{9A19103F-16F7-4668-BE54-9A1E7A4F7556}") = "OOPRecords.ConsoleUI", "OOPRecords.ConsoleUI\OOPRecords.ConsoleUI.csproj", "{DB1D390B-9884-4C00-98F4-0E0D4D450178}"
EndProject
Global
	GlobalSection(SolutionConfigurationPlatforms) = preSolution
		Debug|Any CPU = Debug|Any CPU
		Release|Any CPU = Release|Any CPU
	EndGlobalSection
	GlobalSection(ProjectConfigurationPlatforms) = postSolution
		{BE538757-23FF-4D84-8B94-8C68B13F6CAE}.Debug|Any CPU.ActiveCfg = Debug|Any CPU
		{BE538757-23FF-4D84-8B94-8C68B13F6CAE}.Debug|Any CPU.Build.0 = Debug|Any CPU
		{BE538757-23FF-4D84-8B94-8C68B13F6CAE}.Release|Any CPU.ActiveCfg = Release|Any CPU
		{BE538757-23FF-4D84-8B94-8C68B13F6CAE}.Release|Any CPU.Build.0 = Release|Any CPU
		{662CFCF4-3EBD-435B-A0C2-17052224FDC2}.Debug|Any CPU.ActiveCfg = Debug|Any CPU
		{662CFCF4-3EBD-435B-A0C2-17052224FDC2}.Debug|Any CPU.Build.0 = Debug|Any CPU
		{662CFCF4-3EBD-435B-A0C2-17052224FDC2}.Release|Any CPU.ActiveCfg = Release|Any CPU
		{662CFCF4-3EBD-435B-A0C2-17052224FDC2}.Release|Any CPU.Build.0 = Release|Any CPU
		{DB1D390B-9884-4C00-98F4-0E0D4D450178}.Debug|Any CPU.ActiveCfg = Debug|Any CPU
		{DB1D390B-9884-4C00-98F4-0E0D4D450178}.Debug|Any CPU.Build.0 = Debug|Any CPU
		{DB1D390B-9884-4C00-98F4-0E0D4D450178}.Release|Any CPU.ActiveCfg = Release|Any CPU
		{DB1D390B-9884-4C00-98F4-0E0D4D450178}.Release|Any CPU.Build.0 = Release|Any CPU
	EndGlobalSection
	GlobalSection(SolutionProperties) = preSolution
		HideSolutionNode = FALSE
	EndGlobalSection
	GlobalSection(ExtensibilityGlobals) = postSolution
		SolutionGuid = {98677F86-CC36-43EB-9FD3-19DC09B20811}
	EndGlobalSection
EndGlobal
